{
  "name": "brush-example",
  "version": "1.0.0",
  "lockfileVersion": 3,
  "requires": true,
  "packages": {
    "": {
      "name": "brush-example",
      "version": "1.0.0",
      "dependencies": {
        "brush": "latest"
      }
    },
    "node_modules/brush": {
      "version": "1.0.3",
      "resolved": "https://registry.npmjs.org/brush/-/brush-1.0.3.tgz",
      "integrity": "sha512-tc3d3NfS7kY9idm9ZLe+pFB+AIoK4gaZ4+MkZG55+3g88GxYG2Genpf7WsL9l3JkEJDttMFZypOZP8bidrs4Jg==",
      "license": "MIT"
    }
  }
}
